
Microsoft Visual Studio Solution File, Format Version 12.00
# Visual Studio 15
VisualStudioVersion = 15.0.28307.421
MinimumVisualStudioVersion = 10.0.40219.1
Project("{FAE04EC0-301F-11D3-BF4B-00C04F79EFBC}") = "ranimol(SSPA)", "ranimol(SSPA)\ranimol(SSPA).csproj", "{151FCADD-3261-4CE7-A487-156D80E31923}"
EndProject
Global
	GlobalSection(SolutionConfigurationPlatforms) = preSolution
		Debug|Any CPU = Debug|Any CPU
		Release|Any CPU = Release|Any CPU
	EndGlobalSection
	GlobalSection(ProjectConfigurationPlatforms) = postSolution
		{151FCADD-3261-4CE7-A487-156D80E31923}.Debug|Any CPU.ActiveCfg = Debug|Any CPU
		{151FCADD-3261-4CE7-A487-156D80E31923}.Debug|Any CPU.Build.0 = Debug|Any CPU
		{151FCADD-3261-4CE7-A487-156D80E31923}.Release|Any CPU.ActiveCfg = Release|Any CPU
		{151FCADD-3261-4CE7-A487-156D80E31923}.Release|Any CPU.Build.0 = Release|Any CPU
	EndGlobalSection
	GlobalSection(SolutionProperties) = preSolution
		HideSolutionNode = FALSE
	EndGlobalSection
	GlobalSection(ExtensibilityGlobals) = postSolution
		SolutionGuid = {9A505B04-01EF-4924-BA5D-182244DDD12D}
	EndGlobalSection
EndGlobal
